// !$*UTF8*$!
{
	archiveVersion = 1;
	classes = {
	};
	objectVersion = 46;
	objects = {

/* Begin PBXBuildFile section */
		411728951D631D3B009662BD /* AppDelegate.swift in Sources */ = {isa = PBXBuildFile; fileRef = 411728941D631D3B009662BD /* AppDelegate.swift */; };
		411728971D631D3B009662BD /* ViewController.swift in Sources */ = {isa = PBXBuildFile; fileRef = 411728961D631D3B009662BD /* ViewController.swift */; };
		4117289A1D631D3B009662BD /* Main.storyboard in Resources */ = {isa = PBXBuildFile; fileRef = 411728981D631D3B009662BD /* Main.storyboard */; };
		4117289C1D631D3B009662BD /* Assets.xcassets in Resources */ = {isa = PBXBuildFile; fileRef = 4117289B1D631D3B009662BD /* Assets.xcassets */; };
		4117289F1D631D3B009662BD /* LaunchScreen.storyboard in Resources */ = {isa = PBXBuildFile; fileRef = 4117289D1D631D3B009662BD /* LaunchScreen.storyboard */; };
		411728AA1D631D3B009662BD /* FoodTrackerTests.swift in Sources */ = {isa = PBXBuildFile; fileRef = 411728A91D631D3B009662BD /* FoodTrackerTests.swift */; };
/* End PBXBuildFile section */

/* Begin PBXContainerItemProxy section */
		411728A61D631D3B009662BD /* PBXContainerItemProxy */ = {
			isa = PBXContainerItemProxy;
			containerPortal = 411728891D631D3B009662BD /* Project object */;
			proxyType = 1;
			remoteGlobalIDString = 411728901D631D3B009662BD;
			remoteInfo = FoodTracker;
		};
/* End PBXContainerItemProxy section */

/* Begin PBXFileReference section */
		411728911D631D3B009662BD /* FoodTracker.app */ = {isa = PBXFileReference; explicitFileType = wrapper.application; includeInIndex = 0; path = FoodTracker.app; sourceTree = BUILT_PRODUCTS_DIR; };
		411728941D631D3B009662BD /* AppDelegate.swift */ = {isa = PBXFileReference; lastKnownFileType = sourcecode.swift; path = AppDelegate.swift; sourceTree = "<group>"; };
		411728961D631D3B009662BD /* ViewController.swift */ = {isa = PBXFileReference; lastKnownFileType = sourcecode.swift; path = ViewController.swift; sourceTree = "<group>"; };
		411728991D631D3B009662BD /* Base */ = {isa = PBXFileReference; lastKnownFileType = file.storyboard; name = Base; path = Base.lproj/Main.storyboard; sourceTree = "<group>"; };
		4117289B1D631D3B009662BD /* Assets.xcassets */ = {isa = PBXFileReference; lastKnownFileType = folder.assetcatalog; path = Assets.xcassets; sourceTree = "<group>"; };
		4117289E1D631D3B009662BD /* Base */ = {isa = PBXFileReference; lastKnownFileType = file.storyboard; name = Base; path = Base.lproj/LaunchScreen.storyboard; sourceTree = "<group>"; };
		411728A01D631D3B009662BD /* Info.plist */ = {isa = PBXFileReference; lastKnownFileType = text.plist.xml; path = Info.plist; sourceTree = "<group>"; };
		411728A51D631D3B009662BD /* FoodTrackerTests.xctest */ = {isa = PBXFileReference; explicitFileType = wrapper.cfbundle; includeInIndex = 0; path = FoodTrackerTests.xctest; sourceTree = BUILT_PRODUCTS_DIR; };
		411728A91D631D3B009662BD /* FoodTrackerTests.swift */ = {isa = PBXFileReference; lastKnownFileType = sourcecode.swift; path = FoodTrackerTests.swift; sourceTree = "<group>"; };
		411728AB1D631D3B009662BD /* Info.plist */ = {isa = PBXFileReference; lastKnownFileType = text.plist.xml; path = Info.plist; sourceTree = "<group>"; };
/* End PBXFileReference section */

/* Begin PBXFrameworksBuildPhase section */
		4117288E1D631D3B009662BD /* Frameworks */ = {
			isa = PBXFrameworksBuildPhase;
			buildActionMask = 2147483647;
			files = (
			);
			runOnlyForDeploymentPostprocessing = 0;
		};
		411728A21D631D3B009662BD /* Frameworks */ = {
			isa = PBXFrameworksBuildPhase;
			buildActionMask = 2147483647;
			files = (
			);
			runOnlyForDeploymentPostprocessing = 0;
		};
/* End PBXFrameworksBuildPhase section */

/* Begin PBXGroup section */
		411728881D631D3B009662BD = {
			isa = PBXGroup;
			children = (
				411728931D631D3B009662BD /* FoodTracker */,
				411728A81D631D3B009662BD /* FoodTrackerTests */,
				411728921D631D3B009662BD /* Products */,
			);
			sourceTree = "<group>";
		};
		411728921D631D3B009662BD /* Products */ = {
			isa = PBXGroup;
			children = (
				411728911D631D3B009662BD /* FoodTracker.app */,
				411728A51D631D3B009662BD /* FoodTrackerTests.xctest */,
			);
			name = Products;
			sourceTree = "<group>";
		};
		411728931D631D3B009662BD /* FoodTracker */ = {
			isa = PBXGroup;
			children = (
				411728941D631D3B009662BD /* AppDelegate.swift */,
				411728961D631D3B009662BD /* ViewController.swift */,
				411728981D631D3B009662BD /* Main.storyboard */,
				4117289B1D631D3B009662BD /* Assets.xcassets */,
				4117289D1D631D3B009662BD /* LaunchScreen.storyboard */,
				411728A01D631D3B009662BD /* Info.plist */,
			);
			path = FoodTracker;
			sourceTree = "<group>";
		};
		411728A81D631D3B009662BD /* FoodTrackerTests */ = {
			isa = PBXGroup;
			children = (
				411728A91D631D3B009662BD /* FoodTrackerTests.swift */,
				411728AB1D631D3B009662BD /* Info.plist */,
			);
			path = FoodTrackerTests;
			sourceTree = "<group>";
		};
/* End PBXGroup section */

/* Begin PBXNativeTarget section */
		411728901D631D3B009662BD /* FoodTracker */ = {
			isa = PBXNativeTarget;
			buildConfigurationList = 411728AE1D631D3B009662BD /* Build configuration list for PBXNativeTarget "FoodTracker" */;
			buildPhases = (
				4117288D1D631D3B009662BD /* Sources */,
				4117288E1D631D3B009662BD /* Frameworks */,
				4117288F1D631D3B009662BD /* Resources */,
			);
			buildRules = (
			);
			dependencies = (
			);
			name = FoodTracker;
			productName = FoodTracker;
			productReference = 411728911D631D3B009662BD /* FoodTracker.app */;
			productType = "com.apple.product-type.application";
		};
		411728A41D631D3B009662BD /* FoodTrackerTests */ = {
			isa = PBXNativeTarget;
			buildConfigurationList = 411728B11D631D3B009662BD /* Build configuration list for PBXNativeTarget "FoodTrackerTests" */;
			buildPhases = (
				411728A11D631D3B009662BD /* Sources */,
				411728A21D631D3B009662BD /* Frameworks */,
				411728A31D631D3B009662BD /* Resources */,
			);
			buildRules = (
			);
			dependencies = (
				411728A71D631D3B009662BD /* PBXTargetDependency */,
			);
			name = FoodTrackerTests;
			productName = FoodTrackerTests;
			productReference = 411728A51D631D3B009662BD /* FoodTrackerTests.xctest */;
			productType = "com.apple.product-type.bundle.unit-test";
		};
/* End PBXNativeTarget section */

/* Begin PBXProject section */
		411728891D631D3B009662BD /* Project object */ = {
			isa = PBXProject;
			attributes = {
				LastSwiftUpdateCheck = 0800;
				LastUpgradeCheck = 0800;
				ORGANIZATIONNAME = cheft;
				TargetAttributes = {
					411728901D631D3B009662BD = {
						CreatedOnToolsVersion = 8.0;
						DevelopmentTeam = 4UZAZ567AJ;
						DevelopmentTeamName = "海峰 陈 (Personal Team)";
						ProvisioningStyle = Automatic;
					};
					411728A41D631D3B009662BD = {
						CreatedOnToolsVersion = 8.0;
						DevelopmentTeam = 4UZAZ567AJ;
						DevelopmentTeamName = "海峰 陈 (Personal Team)";
						ProvisioningStyle = Automatic;
						TestTargetID = 411728901D631D3B009662BD;
					};
				};
			};
			buildConfigurationList = 4117288C1D631D3B009662BD /* Build configuration list for PBXProject "FoodTracker" */;
			compatibilityVersion = "Xcode 3.2";
			developmentRegion = English;
			hasScannedForEncodings = 0;
			knownRegions = (
				en,
				Base,
			);
			mainGroup = 411728881D631D3B009662BD;
			productRefGroup = 411728921D631D3B009662BD /* Products */;
			projectDirPath = "";
			projectRoot = "";
			targets = (
				411728901D631D3B009662BD /* FoodTracker */,
				411728A41D631D3B009662BD /* FoodTrackerTests */,
			);
		};
/* End PBXProject section */

/* Begin PBXResourcesBuildPhase section */
		4117288F1D631D3B009662BD /* Resources */ = {
			isa = PBXResourcesBuildPhase;
			buildActionMask = 2147483647;
			files = (
				4117289F1D631D3B009662BD /* LaunchScreen.storyboard in Resources */,
				4117289C1D631D3B009662BD /* Assets.xcassets in Resources */,
				4117289A1D631D3B009662BD /* Main.storyboard in Resources */,
			);
			runOnlyForDeploymentPostprocessing = 0;
		};
		411728A31D631D3B009662BD /* Resources */ = {
			isa = PBXResourcesBuildPhase;
			buildActionMask = 2147483647;
			files = (
			);
			runOnlyForDeploymentPostprocessing = 0;
		};
/* End PBXResourcesBuildPhase section */

/* Begin PBXSourcesBuildPhase section */
		4117288D1D631D3B009662BD /* Sources */ = {
			isa = PBXSourcesBuildPhase;
			buildActionMask = 2147483647;
			files = (
				411728971D631D3B009662BD /* ViewController.swift in Sources */,
				411728951D631D3B009662BD /* AppDelegate.swift in Sources */,
			);
			runOnlyForDeploymentPostprocessing = 0;
		};
		411728A11D631D3B009662BD /* Sources */ = {
			isa = PBXSourcesBuildPhase;
			buildActionMask = 2147483647;
			files = (
				411728AA1D631D3B009662BD /* FoodTrackerTests.swift in Sources */,
			);
			runOnlyForDeploymentPostprocessing = 0;
		};
/* End PBXSourcesBuildPhase section */

/* Begin PBXTargetDependency section */
		411728A71D631D3B009662BD /* PBXTargetDependency */ = {
			isa = PBXTargetDependency;
			target = 411728901D631D3B009662BD /* FoodTracker */;
			targetProxy = 411728A61D631D3B009662BD /* PBXContainerItemProxy */;
		};
/* End PBXTargetDependency section */

/* Begin PBXVariantGroup section */
		411728981D631D3B009662BD /* Main.storyboard */ = {
			isa = PBXVariantGroup;
			children = (
				411728991D631D3B009662BD /* Base */,
			);
			name = Main.storyboard;
			sourceTree = "<group>";
		};
		4117289D1D631D3B009662BD /* LaunchScreen.storyboard */ = {
			isa = PBXVariantGroup;
			children = (
				4117289E1D631D3B009662BD /* Base */,
			);
			name = LaunchScreen.storyboard;
			sourceTree = "<group>";
		};
/* End PBXVariantGroup section */

/* Begin XCBuildConfiguration section */
		411728AC1D631D3B009662BD /* Debug */ = {
			isa = XCBuildConfiguration;
			buildSettings = {
				ALWAYS_SEARCH_USER_PATHS = NO;
				CLANG_ANALYZER_NONNULL = YES;
				CLANG_CXX_LANGUAGE_STANDARD = "gnu++0x";
				CLANG_CXX_LIBRARY = "libc++";
				CLANG_ENABLE_MODULES = YES;
				CLANG_ENABLE_OBJC_ARC = YES;
				CLANG_WARN_BOOL_CONVERSION = YES;
				CLANG_WARN_CONSTANT_CONVERSION = YES;
				CLANG_WARN_DIRECT_OBJC_ISA_USAGE = YES_ERROR;
				CLANG_WARN_DOCUMENTATION_COMMENTS = YES;
				CLANG_WARN_EMPTY_BODY = YES;
				CLANG_WARN_ENUM_CONVERSION = YES;
				CLANG_WARN_INT_CONVERSION = YES;
				CLANG_WARN_OBJC_ROOT_CLASS = YES_ERROR;
				CLANG_WARN_UNREACHABLE_CODE = YES;
				CLANG_WARN__DUPLICATE_METHOD_MATCH = YES;
				"CODE_SIGN_IDENTITY[sdk=iphoneos*]" = "iPhone Developer";
				COPY_PHASE_STRIP = NO;
				DEBUG_INFORMATION_FORMAT = dwarf;
				ENABLE_STRICT_OBJC_MSGSEND = YES;
				ENABLE_TESTABILITY = YES;
				GCC_C_LANGUAGE_STANDARD = gnu99;
				GCC_DYNAMIC_NO_PIC = NO;
				GCC_NO_COMMON_BLOCKS = YES;
				GCC_OPTIMIZATION_LEVEL = 0;
				GCC_PREPROCESSOR_DEFINITIONS = (
					"DEBUG=1",
					"$(inherited)",
				);
				GCC_WARN_64_TO_32_BIT_CONVERSION = YES;
				GCC_WARN_ABOUT_RETURN_TYPE = YES_ERROR;
				GCC_WARN_UNDECLARED_SELECTOR = YES;
				GCC_WARN_UNINITIALIZED_AUTOS = YES_AGGRESSIVE;
				GCC_WARN_UNUSED_FUNCTION = YES;
				GCC_WARN_UNUSED_VARIABLE = YES;
				IPHONEOS_DEPLOYMENT_TARGET = 10.0;
				MTL_ENABLE_DEBUG_INFO = YES;
				ONLY_ACTIVE_ARCH = YES;
				SDKROOT = iphoneos;
				SWIFT_ACTIVE_COMPILATION_CONDITIONS = DEBUG;
				SWIFT_OPTIMIZATION_LEVEL = "-Onone";
				TARGETED_DEVICE_FAMILY = "1,2";
			};
			name = Debug;
		};
		411728AD1D631D3B009662BD /* Release */ = {
			isa = XCBuildConfiguration;
			buildSettings = {
				ALWAYS_SEARCH_USER_PATHS = NO;
				CLANG_ANALYZER_NONNULL = YES;
				CLANG_CXX_LANGUAGE_STANDARD = "gnu++0x";
				CLANG_CXX_LIBRARY = "libc++";
				CLANG_ENABLE_MODULES = YES;
				CLANG_ENABLE_OBJC_ARC = YES;
				CLANG_WARN_BOOL_CONVERSION = YES;
				CLANG_WARN_CONSTANT_CONVERSION = YES;
				CLANG_WARN_DIRECT_OBJC_ISA_USAGE = YES_ERROR;
				CLANG_WARN_DOCUMENTATION_COMMENTS = YES;
				CLANG_WARN_EMPTY_BODY = YES;
				CLANG_WARN_ENUM_CONVERSION = YES;
				CLANG_WARN_INT_CONVERSION = YES;
				CLANG_WARN_OBJC_ROOT_CLASS = YES_ERROR;
				CLANG_WARN_UNREACHABLE_CODE = YES;
				CLANG_WARN__DUPLICATE_METHOD_MATCH = YES;
				"CODE_SIGN_IDENTITY[sdk=iphoneos*]" = "iPhone Developer";
				COPY_PHASE_STRIP = NO;
				DEBUG_INFORMATION_FORMAT = "dwarf-with-dsym";
				ENABLE_NS_ASSERTIONS = NO;
				ENABLE_STRICT_OBJC_MSGSEND = YES;
				GCC_C_LANGUAGE_STANDARD = gnu99;
				GCC_NO_COMMON_BLOCKS = YES;
				GCC_WARN_64_TO_32_BIT_CONVERSION = YES;
				GCC_WARN_ABOUT_RETURN_TYPE = YES_ERROR;
				GCC_WARN_UNDECLARED_SELECTOR = YES;
				GCC_WARN_UNINITIALIZED_AUTOS = YES_AGGRESSIVE;
				GCC_WARN_UNUSED_FUNCTION = YES;
				GCC_WARN_UNUSED_VARIABLE = YES;
				IPHONEOS_DEPLOYMENT_TARGET = 10.0;
				MTL_ENABLE_DEBUG_INFO = NO;
				SDKROOT = iphoneos;
				SWIFT_OPTIMIZATION_LEVEL = "-Owholemodule";
				TARGETED_DEVICE_FAMILY = "1,2";
				VALIDATE_PRODUCT = YES;
			};
			name = Release;
		};
		411728AF1D631D3B009662BD /* Debug */ = {
			isa = XCBuildConfiguration;
			buildSettings = {
				ASSETCATALOG_COMPILER_APPICON_NAME = AppIcon;
				INFOPLIST_FILE = FoodTracker/Info.plist;
				IPHONEOS_DEPLOYMENT_TARGET = 8.0;
				LD_RUNPATH_SEARCH_PATHS = "$(inherited) @executable_path/Frameworks";
				PRODUCT_BUNDLE_IDENTIFIER = cn.cheft.FoodTracker;
				PRODUCT_NAME = "$(TARGET_NAME)";
				SWIFT_VERSION = 3.0;
			};
			name = Debug;
		};
		411728B01D631D3B009662BD /* Release */ = {
			isa = XCBuildConfiguration;
			buildSettings = {
				ASSETCATALOG_COMPILER_APPICON_NAME = AppIcon;
				INFOPLIST_FILE = FoodTracker/Info.plist;
				IPHONEOS_DEPLOYMENT_TARGET = 8.0;
				LD_RUNPATH_SEARCH_PATHS = "$(inherited) @executable_path/Frameworks";
				PRODUCT_BUNDLE_IDENTIFIER = cn.cheft.FoodTracker;
				PRODUCT_NAME = "$(TARGET_NAME)";
				SWIFT_VERSION = 3.0;
			};
			name = Release;
		};
		411728B21D631D3B009662BD /* Debug */ = {
			isa = XCBuildConfiguration;
			buildSettings = {
				BUNDLE_LOADER = "$(TEST_HOST)";
				INFOPLIST_FILE = FoodTrackerTests/Info.plist;
				LD_RUNPATH_SEARCH_PATHS = "$(inherited) @executable_path/Frameworks @loader_path/Frameworks";
				PRODUCT_BUNDLE_IDENTIFIER = cn.cheft.FoodTrackerTests;
				PRODUCT_NAME = "$(TARGET_NAME)";
				SWIFT_VERSION = 3.0;
				TEST_HOST = "$(BUILT_PRODUCTS_DIR)/FoodTracker.app/FoodTracker";
			};
			name = Debug;
		};
		411728B31D631D3B009662BD /* Release */ = {
			isa = XCBuildConfiguration;
			buildSettings = {
				BUNDLE_LOADER = "$(TEST_HOST)";
				INFOPLIST_FILE = FoodTrackerTests/Info.plist;
				LD_RUNPATH_SEARCH_PATHS = "$(inherited) @executable_path/Frameworks @loader_path/Frameworks";
				PRODUCT_BUNDLE_IDENTIFIER = cn.cheft.FoodTrackerTests;
				PRODUCT_NAME = "$(TARGET_NAME)";
				SWIFT_VERSION = 3.0;
				TEST_HOST = "$(BUILT_PRODUCTS_DIR)/FoodTracker.app/FoodTracker";
			};
			name = Release;
		};
/* End XCBuildConfiguration section */

/* Begin XCConfigurationList section */
		4117288C1D631D3B009662BD /* Build configuration list for PBXProject "FoodTracker" */ = {
			isa = XCConfigurationList;
			buildConfigurations = (
				411728AC1D631D3B009662BD /* Debug */,
				411728AD1D631D3B009662BD /* Release */,
			);
			defaultConfigurationIsVisible = 0;
			defaultConfigurationName = Release;
		};
		411728AE1D631D3B009662BD /* Build configuration list for PBXNativeTarget "FoodTracker" */ = {
			isa = XCConfigurationList;
			buildConfigurations = (
				411728AF1D631D3B009662BD /* Debug */,
				411728B01D631D3B009662BD /* Release */,
			);
			defaultConfigurationIsVisible = 0;
		};
		411728B11D631D3B009662BD /* Build configuration list for PBXNativeTarget "FoodTrackerTests" */ = {
			isa = XCConfigurationList;
			buildConfigurations = (
				411728B21D631D3B009662BD /* Debug */,
				411728B31D631D3B009662BD /* Release */,
			);
			defaultConfigurationIsVisible = 0;
		};
/* End XCConfigurationList section */
	};
	rootObject = 411728891D631D3B009662BD /* Project object */;
}
